lockfileVersion: '6.0'

settings:
  autoInstallPeers: true
  excludeLinksFromLockfile: false

dependencies:
  '@adobe/lit-mobx':
    specifier: 2.2.2
    version: 2.2.2(lit@3.1.4)(mobx@6.12.3)
  '@spectrum-web-components/action-menu':
    specifier: 0.46.0
    version: 0.46.0
  '@spectrum-web-components/button':
    specifier: 0.46.0
    version: 0.46.0
  '@spectrum-web-components/icons-workflow':
    specifier: 0.46.0
    version: 0.46.0
  '@spectrum-web-components/menu':
    specifier: 0.46.0
    version: 0.46.0
  '@spectrum-web-components/overlay':
    specifier: 0.46.0
    version: 0.46.0
  '@spectrum-web-components/popover':
    specifier: 0.46.0
    version: 0.46.0
  google-protobuf:
    specifier: 3.21.2
    version: 3.21.2
  grpc-web:
    specifier: 1.5.0
    version: 1.5.0
  inversify:
    specifier: 6.0.2
    version: 6.0.2
  inversify-inject-decorators:
    specifier: 3.1.0
    version: 3.1.0
  lit:
    specifier: 3.1.4
    version: 3.1.4
  lit-html:
    specifier: 3.1.4
    version: 3.1.4
  mobx:
    specifier: 6.12.3
    version: 6.12.3
  reflect-metadata:
    specifier: 0.2.2
    version: 0.2.2

devDependencies:
  '@types/node':
    specifier: 20.14.2
    version: 20.14.2
  typescript:
    specifier: 5.4.5
    version: 5.4.5

packages:

  /@adobe/lit-mobx@2.2.2(lit@3.1.4)(mobx@6.12.3):
    resolution: {integrity: sha512-TKmaEgu0m8dxydo0cAhJ5qaNoa/moQr8I3E9DtxVb0OSu/huXps+gUg/6oz7sYllcSl4KFZtzfyfx7EstbQ9tw==}
    peerDependencies:
      lit: ^2.0.0 || ^3.0.0
      mobx: ^5.0.0 || ^6.0.0
    dependencies:
      lit: 3.1.4
      mobx: 6.12.3
    dev: false

  /@floating-ui/core@1.6.8:
    resolution: {integrity: sha512-7XJ9cPU+yI2QeLS+FCSlqNFZJq8arvswefkZrYI1yQBbftw6FyrZOxYSh+9S7z7TpeWlRt9zJ5IhM1WIL334jA==}
    dependencies:
      '@floating-ui/utils': 0.2.8
    dev: false

  /@floating-ui/dom@1.6.11:
    resolution: {integrity: sha512-qkMCxSR24v2vGkhYDo/UzxfJN3D4syqSjyuTFz6C7XcpU1pASPRieNI0Kj5VP3/503mOfYiGY891ugBX1GlABQ==}
    dependencies:
      '@floating-ui/core': 1.6.8
      '@floating-ui/utils': 0.2.8
    dev: false

  /@floating-ui/utils@0.2.8:
    resolution: {integrity: sha512-kym7SodPp8/wloecOpcmSnWJsK7M0E5Wg8UcFA+uO4B9s5d0ywXOEro/8HM9x0rW+TljRzul/14UYz3TleT3ig==}
    dev: false

  /@lit-labs/observers@2.0.4:
    resolution: {integrity: sha512-x95jhDPGb+HtYU3hEdqkcLxb6v2JBP3tcajaiOijs1F/ZmOgRT0pRPn0v+jhhk8mAAbEO12SZJjPCmuysunssQ==}
    dependencies:
      '@lit/reactive-element': 2.0.4
      lit-html: 3.2.1
    dev: false

  /@lit-labs/ssr-dom-shim@1.2.1:
    resolution: {integrity: sha512-wx4aBmgeGvFmOKucFKY+8VFJSYZxs9poN3SDNQFF6lT6NrQUnHiPB2PWz2sc4ieEcAaYYzN+1uWahEeTq2aRIQ==}
    dev: false

  /@lit/reactive-element@2.0.4:
    resolution: {integrity: sha512-GFn91inaUa2oHLak8awSIigYz0cU0Payr1rcFsrkf5OJ5eSPxElyZfKh0f2p9FsTiZWXQdWGJeXZICEfXXYSXQ==}
    dependencies:
      '@lit-labs/ssr-dom-shim': 1.2.1
    dev: false

  /@spectrum-web-components/action-button@0.46.0:
    resolution: {integrity: sha512-UH5zTb/+l0/pgz5zyf7kcuDLNPx1rOvewlGDGBdppEfGFYiouS8LeIxCoiy4pfvJ+07rdld0DTaTAIsFTgdnDw==}
    dependencies:
      '@spectrum-web-components/base': 0.46.0
      '@spectrum-web-components/button': 0.46.0
      '@spectrum-web-components/icon': 0.46.0
      '@spectrum-web-components/icons-ui': 0.46.0
      '@spectrum-web-components/shared': 0.46.0
    dev: false

  /@spectrum-web-components/action-menu@0.46.0:
    resolution: {integrity: sha512-U0umNJiYH97JG0vEX6JrFfk/3g6kxW/dQjaQj5G3Bp1CALtaYAd/42teVhb+MAMKfuBC+8Fkk9ghYfZYGkH5tQ==}
    dependencies:
      '@spectrum-web-components/action-button': 0.46.0
      '@spectrum-web-components/base': 0.46.0
      '@spectrum-web-components/icon': 0.46.0
      '@spectrum-web-components/icons-workflow': 0.46.0
      '@spectrum-web-components/picker': 0.46.0
      '@spectrum-web-components/shared': 0.46.0
    dev: false

  /@spectrum-web-components/base@0.46.0:
    resolution: {integrity: sha512-WSyCnUDw8ecCio6nM4wDvLWlmDZxhoKSn57iBvWqXvn61IewYOY3P8E77uGg+dcfL8DixQph6+FGThh5T7hukQ==}
    dependencies:
      lit: 3.1.4
    dev: false

  /@spectrum-web-components/button@0.46.0:
    resolution: {integrity: sha512-wUcp258sFJ7u+CNm0Rw8pPXHtagdYJiqyqcZcNiNG/ODXxXDo5PpKH38gV6DHqH0XWY/cUe4CibiFlXvDcv87w==}
    dependencies:
      '@spectrum-web-components/base': 0.46.0
      '@spectrum-web-components/clear-button': 0.46.0
      '@spectrum-web-components/close-button': 0.46.0
      '@spectrum-web-components/icon': 0.46.0
      '@spectrum-web-components/icons-ui': 0.46.0
      '@spectrum-web-components/progress-circle': 0.46.0
      '@spectrum-web-components/shared': 0.46.0
    dev: false

  /@spectrum-web-components/clear-button@0.46.0:
    resolution: {integrity: sha512-63m2lN6MZymUJonaElxUP4LRfJ4Z9B+JP7RnZNrOhWP4WKfYo/8d7zjGAbuZwRFlBKFqYvdk2rLjE2Orpf0QTg==}
    dependencies:
      '@spectrum-web-components/base': 0.46.0
    dev: false

  /@spectrum-web-components/close-button@0.46.0:
    resolution: {integrity: sha512-fBQVrC5zEpshehdfoWTLvNzCsDMBln+PibsKLsRkCrTqDvK/WibeRbcERjwGZxD1Y6NTZavVaOxYrFY7UqVVKA==}
    dependencies:
      '@spectrum-web-components/base': 0.46.0
    dev: false

  /@spectrum-web-components/divider@0.46.0:
    resolution: {integrity: sha512-kCs1/LBCXIbjaVQtnten4CBSn9ZbS9vyO0w1qFUqcMe2MlZutuEqCKCDhkIpuE3CRBQkpHsz4Ny8mDZreaXEPA==}
    dependencies:
      '@spectrum-web-components/base': 0.46.0
    dev: false

  /@spectrum-web-components/field-label@0.46.0:
    resolution: {integrity: sha512-3sw0lGIflHYxGI+V7iUEOVYAk4o7xXo1DOxaIDrjcLXihHdXPpjadX4t/4Jdzg/TDsZu2yfotoNtWO2zI7cP2g==}
    dependencies:
      '@spectrum-web-components/base': 0.46.0
      '@spectrum-web-components/icon': 0.46.0
      '@spectrum-web-components/icons-ui': 0.46.0
      '@spectrum-web-components/reactive-controllers': 0.46.0
      '@spectrum-web-components/shared': 0.46.0
    dev: false

  /@spectrum-web-components/icon@0.46.0:
    resolution: {integrity: sha512-iPxEXVzyOYwnsmv955fpqHbcrL0lrPXNzT8HDoZiRur5XD+emfwC7yFs5Vmr4vunSV7jShZKH4DqFKI5mqH/QQ==}
    dependencies:
      '@spectrum-web-components/base': 0.46.0
      '@spectrum-web-components/iconset': 0.46.0
    dev: false

  /@spectrum-web-components/icons-ui@0.46.0:
    resolution: {integrity: sha512-uUsdxq6FGL24+/x0VLMtjfQfjgysuukDANJYdCTBBmZhmaRJpsAQBJkJOis/7tGp/V82NOQLtl2qInicu6W8nQ==}
    dependencies:
      '@spectrum-web-components/base': 0.46.0
      '@spectrum-web-components/icon': 0.46.0
      '@spectrum-web-components/iconset': 0.46.0
    dev: false

  /@spectrum-web-components/icons-workflow@0.46.0:
    resolution: {integrity: sha512-/c28yimF5mrGCG6dPueDUxFRq1be9Z1zBQOyODNtvDACDCa083+dTRFe5LOVufSbBylzIji+zHJPZWjqraQeSA==}
    dependencies:
      '@spectrum-web-components/base': 0.46.0
      '@spectrum-web-components/icon': 0.46.0
    dev: false

  /@spectrum-web-components/iconset@0.46.0:
    resolution: {integrity: sha512-TamL40x6SAK/utL9udAJcWxQl2zmpTlyOkA5Y4PoHYLsQfYagA98tGUCCfXcHUktoa3FF5TANZQeKSr/B7/6aA==}
    dependencies:
      '@spectrum-web-components/base': 0.46.0
    dev: false

  /@spectrum-web-components/menu@0.46.0:
    resolution: {integrity: sha512-yIn4rPin76h9oNd1kAqXUX/3UMwp9KxxyH/xo/Ec45/hrIy6OgYh3N0UJjbXpnU5IrlRn1GPBV8B1R3p3OXYbQ==}
    dependencies:
      '@lit-labs/observers': 2.0.4
      '@spectrum-web-components/action-button': 0.46.0
      '@spectrum-web-components/base': 0.46.0
      '@spectrum-web-components/divider': 0.46.0
      '@spectrum-web-components/icon': 0.46.0
      '@spectrum-web-components/icons-ui': 0.46.0
      '@spectrum-web-components/overlay': 0.46.0
      '@spectrum-web-components/popover': 0.46.0
      '@spectrum-web-components/reactive-controllers': 0.46.0
      '@spectrum-web-components/shared': 0.46.0
    dev: false

  /@spectrum-web-components/modal@0.46.0:
    resolution: {integrity: sha512-lCirDmLbQbO5rEEw8DKEKw+f/aUTjXs47cmWasvntQ+98Mw6v++IPeWHLemGK7gcpahTppubrAm2+x//u677oA==}
    dependencies:
      '@spectrum-web-components/base': 0.46.0
    dev: false

  /@spectrum-web-components/overlay@0.46.0:
    resolution: {integrity: sha512-DgRqNOmJEGsgfsXZhdgEbtq8eShpgiQjQyIixrm02trp0Lu9JzhaZk1Rd58JNVRvpQ3mlPxnbul02WdSqowbWA==}
    dependencies:
      '@floating-ui/dom': 1.6.11
      '@floating-ui/utils': 0.2.8
      '@spectrum-web-components/action-button': 0.46.0
      '@spectrum-web-components/base': 0.46.0
      '@spectrum-web-components/reactive-controllers': 0.46.0
      '@spectrum-web-components/shared': 0.46.0
      '@spectrum-web-components/theme': 0.46.0
    dev: false

  /@spectrum-web-components/picker@0.46.0:
    resolution: {integrity: sha512-Up2dMkLnk3wJugRpfnzv612lLS4nG+E8UHq1ddde1YFKGUZwIHMcP7l+8PQOfFYogUE1kTDeEAIsXgiMcMRAUA==}
    dependencies:
      '@spectrum-web-components/base': 0.46.0
      '@spectrum-web-components/button': 0.46.0
      '@spectrum-web-components/field-label': 0.46.0
      '@spectrum-web-components/icon': 0.46.0
      '@spectrum-web-components/icons-ui': 0.46.0
      '@spectrum-web-components/icons-workflow': 0.46.0
      '@spectrum-web-components/menu': 0.46.0
      '@spectrum-web-components/overlay': 0.46.0
      '@spectrum-web-components/popover': 0.46.0
      '@spectrum-web-components/progress-circle': 0.46.0
      '@spectrum-web-components/reactive-controllers': 0.46.0
      '@spectrum-web-components/shared': 0.46.0
      '@spectrum-web-components/tooltip': 0.46.0
      '@spectrum-web-components/tray': 0.46.0
    dev: false

  /@spectrum-web-components/popover@0.46.0:
    resolution: {integrity: sha512-go0rWNjWW3xCA/3jbCRHgZnZU3gicAMSA2JSJqL84ADAIgbmbD932C6LDJOFljT+Dat98HjFOI6JbPsYsF9RBA==}
    dependencies:
      '@spectrum-web-components/base': 0.46.0
      '@spectrum-web-components/overlay': 0.46.0
    dev: false

  /@spectrum-web-components/progress-circle@0.46.0:
    resolution: {integrity: sha512-CF27VS0NtCWa7qKj2Ol26pF9xv3ZmPCYyrGGt8R98ht6viMUfeq2DqyM53eGIAt5xzSaJLrR1rCx+NtXUukc/A==}
    dependencies:
      '@spectrum-web-components/base': 0.46.0
      '@spectrum-web-components/shared': 0.46.0
    dev: false

  /@spectrum-web-components/reactive-controllers@0.46.0:
    resolution: {integrity: sha512-Fggd8tlpjVEwu76N6lQtrQwT1gIrcxfE2DDISdQm7CyCCt92Ag4g1VJxd/EusMzWID3dR7K0kMGNKh2mTRCNqw==}
    dependencies:
      lit: 3.1.4
    dev: false

  /@spectrum-web-components/shared@0.46.0:
    resolution: {integrity: sha512-+Ol2Mo/GQsZybq8O+7rbF6K5WsFByI8inNg4nQt9H4dIYCyxgLVCQTX+yk/kywcdPXbaRELlJtrecMuBYwRAzw==}
    dependencies:
      '@lit-labs/observers': 2.0.4
      '@spectrum-web-components/base': 0.46.0
      focus-visible: 5.2.1
    dev: false

  /@spectrum-web-components/styles@0.46.0:
    resolution: {integrity: sha512-gQWvHV+vUAfRKTg3EWDRyo2HaOKCJmScjeCk42s/SPzDOvJKUWFKa61E4M8eIpsHcGOrhLdA/Tou0eNoQ8MQrQ==}
    dependencies:
      '@spectrum-web-components/base': 0.46.0
    dev: false

  /@spectrum-web-components/theme@0.46.0:
    resolution: {integrity: sha512-WSVpLhZ3lpSvLriLEhAdaypE+hMM0klU/GAd1XqIZHdlPplqKZTe1KPvYb4Y9zS6hlg7rR7b7Xo2guYy5xwXig==}
    dependencies:
      '@spectrum-web-components/base': 0.46.0
      '@spectrum-web-components/styles': 0.46.0
    dev: false

  /@spectrum-web-components/tooltip@0.46.0:
    resolution: {integrity: sha512-G0MKxiBtX9+Q4Xh71lTj7J8EE9ZuBtuTiJmqQu1NUv2XpQXGtbpl0FunIbmKN0e28TrbZSjAUHvjqvbaL8O8rA==}
    dependencies:
      '@spectrum-web-components/base': 0.46.0
      '@spectrum-web-components/overlay': 0.46.0
      '@spectrum-web-components/reactive-controllers': 0.46.0
      '@spectrum-web-components/shared': 0.46.0
    dev: false

  /@spectrum-web-components/tray@0.46.0:
    resolution: {integrity: sha512-NaAGJaJSkZi3ybUsRdTzNgS5UFnR0OVTyid7biEBX8HLhdqMBD3hD7CsTVUspyRCNwYw6TOnxzYsETaNnIIT6A==}
    dependencies:
      '@spectrum-web-components/base': 0.46.0
      '@spectrum-web-components/modal': 0.46.0
      '@spectrum-web-components/reactive-controllers': 0.46.0
      '@spectrum-web-components/shared': 0.46.0
      '@spectrum-web-components/underlay': 0.46.0
    dev: false

  /@spectrum-web-components/underlay@0.46.0:
    resolution: {integrity: sha512-qsV6WwTtlEI4SsDE6C3QyzxSN/oni+gRzObjKuCZttV42VZi9FOCVoh5/EXBv5mfhYcoM7jvJRjoLTpWcgoAZw==}
    dependencies:
      '@spectrum-web-components/base': 0.46.0
    dev: false

  /@types/node@20.14.2:
    resolution: {integrity: sha512-xyu6WAMVwv6AKFLB+e/7ySZVr/0zLCzOa7rSpq6jNwpqOrUbcACDWC+53d4n2QHOnDou0fbIsg8wZu/sxrnI4Q==}
    dependencies:
      undici-types: 5.26.5
    dev: true

  /@types/trusted-types@2.0.7:
    resolution: {integrity: sha512-ScaPdn1dQczgbl0QFTeTOmVHFULt394XJgOQNoyVhZ6r2vLnMLJfBPd53SB52T/3G36VI1/g2MZaX0cwDuXsfw==}
    dev: false

  /focus-visible@5.2.1:
    resolution: {integrity: sha512-8Bx950VD1bWTQJEH/AM6SpEk+SU55aVnp4Ujhuuxy3eMEBCRwBnTBnVXr9YAPvZL3/CNjCa8u4IWfNmEO53whA==}
    dev: false

  /google-protobuf@3.21.2:
    resolution: {integrity: sha512-3MSOYFO5U9mPGikIYCzK0SaThypfGgS6bHqrUGXG3DPHCrb+txNqeEcns1W0lkGfk0rCyNXm7xB9rMxnCiZOoA==}
    dev: false

  /grpc-web@1.5.0:
    resolution: {integrity: sha512-y1tS3BBIoiVSzKTDF3Hm7E8hV2n7YY7pO0Uo7depfWJqKzWE+SKr0jvHNIJsJJYILQlpYShpi/DRJJMbosgDMQ==}
    dev: false

  /inversify-inject-decorators@3.1.0:
    resolution: {integrity: sha512-/seBlVp5bXrLQS3DpKEmlgeZL6C7Tf/QITd+IMQrbBBGuCbxb7k3hRAWu9XSreNpFzLgSboz3sClLSEmGwHphw==}
    dev: false

  /inversify@6.0.2:
    resolution: {integrity: sha512-i9m8j/7YIv4mDuYXUAcrpKPSaju/CIly9AHK5jvCBeoiM/2KEsuCQTTP+rzSWWpLYWRukdXFSl6ZTk2/uumbiA==}
    dev: false

  /lit-element@4.1.1:
    resolution: {integrity: sha512-HO9Tkkh34QkTeUmEdNYhMT8hzLid7YlMlATSi1q4q17HE5d9mrrEHJ/o8O2D0cMi182zK1F3v7x0PWFjrhXFew==}
    dependencies:
      '@lit-labs/ssr-dom-shim': 1.2.1
      '@lit/reactive-element': 2.0.4
      lit-html: 3.2.1
    dev: false

  /lit-html@3.1.4:
    resolution: {integrity: sha512-yKKO2uVv7zYFHlWMfZmqc+4hkmSbFp8jgjdZY9vvR9jr4J8fH6FUMXhr+ljfELgmjpvlF7Z1SJ5n5/Jeqtc9YA==}
    dependencies:
      '@types/trusted-types': 2.0.7
    dev: false

  /lit-html@3.2.1:
    resolution: {integrity: sha512-qI/3lziaPMSKsrwlxH/xMgikhQ0EGOX2ICU73Bi/YHFvz2j/yMCIrw4+puF2IpQ4+upd3EWbvnHM9+PnJn48YA==}
    dependencies:
      '@types/trusted-types': 2.0.7
    dev: false

  /lit@3.1.4:
    resolution: {integrity: sha512-q6qKnKXHy2g1kjBaNfcoLlgbI3+aSOZ9Q4tiGa9bGYXq5RBXxkVTqTIVmP2VWMp29L4GyvCFm8ZQ2o56eUAMyA==}
    dependencies:
      '@lit/reactive-element': 2.0.4
      lit-element: 4.1.1
      lit-html: 3.1.4
    dev: false

  /mobx@6.12.3:
    resolution: {integrity: sha512-c8NKkO4R2lShkSXZ2Ongj1ycjugjzFFo/UswHBnS62y07DMcTc9Rvo03/3nRyszIvwPNljlkd4S828zIBv/piw==}
    dev: false

  /reflect-metadata@0.2.2:
    resolution: {integrity: sha512-urBwgfrvVP/eAyXx4hluJivBKzuEbSQs9rKWCrCkbSxNv8mxPcUZKeuoF3Uy4mJl3Lwprp6yy5/39VWigZ4K6Q==}
    dev: false

  /typescript@5.4.5:
    resolution: {integrity: sha512-vcI4UpRgg81oIRUFwR0WSIHKt11nJ7SAVlYNIu+QpqeyXP+gpQJy/Z4+F0aGxSE4MqwjyXvW/TzgkLAx2AGHwQ==}
    engines: {node: '>=14.17'}
    hasBin: true
    dev: true

  /undici-types@5.26.5:
    resolution: {integrity: sha512-JlCMO+ehdEIKqlFxk6IfVoAUVmgz7cU7zD/h9XZ0qzeosSHmUJVOzSQvvYSYWXkFXC+IfLKSIffhv0sVZup6pA==}
    dev: true
