lockfileVersion: '6.0'

settings:
  autoInstallPeers: true
  excludeLinksFromLockfile: false

dependencies:
  '@adobe/lit-mobx':
    specifier: 2.2.2
    version: 2.2.2(lit@3.2.1)(mobx@6.13.5)
  '@spectrum-web-components/action-menu':
    specifier: 1.0.0
    version: 1.0.0
  '@spectrum-web-components/button':
    specifier: 1.0.0
    version: 1.0.0
  '@spectrum-web-components/icons-workflow':
    specifier: 1.0.0
    version: 1.0.0
  '@spectrum-web-components/menu':
    specifier: 1.0.0
    version: 1.0.0
  '@spectrum-web-components/overlay':
    specifier: 1.0.0
    version: 1.0.0
  '@spectrum-web-components/picker':
    specifier: 1.0.0
    version: 1.0.0
  '@spectrum-web-components/popover':
    specifier: 1.0.0
    version: 1.0.0
  '@spectrum-web-components/reactive-controllers':
    specifier: 1.0.0
    version: 1.0.0
  google-protobuf:
    specifier: 3.21.4
    version: 3.21.4
  grpc-web:
    specifier: 1.5.0
    version: 1.5.0
  inversify:
    specifier: 6.0.3
    version: 6.0.3
  inversify-inject-decorators:
    specifier: 3.1.0
    version: 3.1.0
  lit:
    specifier: 3.2.1
    version: 3.2.1
  lit-html:
    specifier: 3.2.1
    version: 3.2.1
  mobx:
    specifier: 6.13.5
    version: 6.13.5
  reflect-metadata:
    specifier: 0.2.2
    version: 0.2.2

devDependencies:
  '@types/node':
    specifier: 22.8.6
    version: 22.8.6
  typescript:
    specifier: 5.6.3
    version: 5.6.3

packages:

  /@adobe/lit-mobx@2.2.2(lit@3.2.1)(mobx@6.13.5):
    resolution: {integrity: sha512-TKmaEgu0m8dxydo0cAhJ5qaNoa/moQr8I3E9DtxVb0OSu/huXps+gUg/6oz7sYllcSl4KFZtzfyfx7EstbQ9tw==}
    peerDependencies:
      lit: ^2.0.0 || ^3.0.0
      mobx: ^5.0.0 || ^6.0.0
    dependencies:
      lit: 3.2.1
      mobx: 6.13.5
    dev: false

  /@floating-ui/core@1.6.8:
    resolution: {integrity: sha512-7XJ9cPU+yI2QeLS+FCSlqNFZJq8arvswefkZrYI1yQBbftw6FyrZOxYSh+9S7z7TpeWlRt9zJ5IhM1WIL334jA==}
    dependencies:
      '@floating-ui/utils': 0.2.8
    dev: false

  /@floating-ui/dom@1.6.11:
    resolution: {integrity: sha512-qkMCxSR24v2vGkhYDo/UzxfJN3D4syqSjyuTFz6C7XcpU1pASPRieNI0Kj5VP3/503mOfYiGY891ugBX1GlABQ==}
    dependencies:
      '@floating-ui/core': 1.6.8
      '@floating-ui/utils': 0.2.8
    dev: false

  /@floating-ui/utils@0.2.8:
    resolution: {integrity: sha512-kym7SodPp8/wloecOpcmSnWJsK7M0E5Wg8UcFA+uO4B9s5d0ywXOEro/8HM9x0rW+TljRzul/14UYz3TleT3ig==}
    dev: false

  /@lit-labs/observers@2.0.4:
    resolution: {integrity: sha512-x95jhDPGb+HtYU3hEdqkcLxb6v2JBP3tcajaiOijs1F/ZmOgRT0pRPn0v+jhhk8mAAbEO12SZJjPCmuysunssQ==}
    dependencies:
      '@lit/reactive-element': 2.0.4
      lit-html: 3.2.1
    dev: false

  /@lit-labs/ssr-dom-shim@1.2.1:
    resolution: {integrity: sha512-wx4aBmgeGvFmOKucFKY+8VFJSYZxs9poN3SDNQFF6lT6NrQUnHiPB2PWz2sc4ieEcAaYYzN+1uWahEeTq2aRIQ==}
    dev: false

  /@lit/reactive-element@2.0.4:
    resolution: {integrity: sha512-GFn91inaUa2oHLak8awSIigYz0cU0Payr1rcFsrkf5OJ5eSPxElyZfKh0f2p9FsTiZWXQdWGJeXZICEfXXYSXQ==}
    dependencies:
      '@lit-labs/ssr-dom-shim': 1.2.1
    dev: false

  /@spectrum-web-components/action-button@1.0.0:
    resolution: {integrity: sha512-eVcMghDSKLysNH7oOL+LVutHMZ6ywADfTzA3SW4av7rqYhEyOb+066Pjva49NBtFbAp6lBA85YEh5a9l9QCntA==}
    dependencies:
      '@spectrum-web-components/base': 1.0.0
      '@spectrum-web-components/button': 1.0.0
      '@spectrum-web-components/icon': 1.0.0
      '@spectrum-web-components/icons-ui': 1.0.0
      '@spectrum-web-components/shared': 1.0.0
    dev: false

  /@spectrum-web-components/action-menu@1.0.0:
    resolution: {integrity: sha512-E9FIF14TfiqOiGXMZIc5ZrMbss9s9lNnfg6WJmJCYC6MmTGhJ6Z/O7OzpGtejZh0DPPE5TpX779ubArARDHmyw==}
    dependencies:
      '@spectrum-web-components/action-button': 1.0.0
      '@spectrum-web-components/base': 1.0.0
      '@spectrum-web-components/icon': 1.0.0
      '@spectrum-web-components/icons-workflow': 1.0.0
      '@spectrum-web-components/picker': 1.0.0
      '@spectrum-web-components/shared': 1.0.0
    dev: false

  /@spectrum-web-components/base@1.0.0:
    resolution: {integrity: sha512-6m01Iytp31+VBAk8uguAj/VhHcwiRHdzaeiEwHpzjRqHJUwg+ddJljFs2uKfUiPYyATpks+bgan1meBY9NGzkw==}
    dependencies:
      lit: 3.2.1
    dev: false

  /@spectrum-web-components/button@1.0.0:
    resolution: {integrity: sha512-cCxB3t7iLePE2EIddJPB98qliIXpMq5DFhFK3PxyitJ7iY5zQa5qm2I2T+fB7LYsMezxYeyZqK33xZOgA7C1dg==}
    dependencies:
      '@spectrum-web-components/base': 1.0.0
      '@spectrum-web-components/clear-button': 1.0.0
      '@spectrum-web-components/close-button': 1.0.0
      '@spectrum-web-components/icon': 1.0.0
      '@spectrum-web-components/icons-ui': 1.0.0
      '@spectrum-web-components/progress-circle': 1.0.0
      '@spectrum-web-components/shared': 1.0.0
    dev: false

  /@spectrum-web-components/clear-button@1.0.0:
    resolution: {integrity: sha512-9yvnpEjAFZWscFdGYGFdOocdfRA/5W+7Dm6zazalt5MPCkmOQxuB8zOTtMShlWWSF5Nmj8ED+8ss03wyagn1aQ==}
    dependencies:
      '@spectrum-web-components/base': 1.0.0
    dev: false

  /@spectrum-web-components/close-button@1.0.0:
    resolution: {integrity: sha512-FQJn276BI/KpqeiBRAmxgi5WMh9ObKYph1SP1rVQJX4MxCwnX6EKCd5pWJhJ+c3cXz8C/RmwRYbcaD5cY+31gQ==}
    dependencies:
      '@spectrum-web-components/base': 1.0.0
    dev: false

  /@spectrum-web-components/divider@1.0.0:
    resolution: {integrity: sha512-dG3Y439t2+VzytXgHnRzuNaoW4VmAOn7WPeRu9b1POL4ttrIzoaEt8Gx1jNoZs0vzlpuDmlBSTMARsXkaO1DdQ==}
    dependencies:
      '@spectrum-web-components/base': 1.0.0
    dev: false

  /@spectrum-web-components/field-label@1.0.0:
    resolution: {integrity: sha512-p2ufmu/cDQ3jmmq7aw77RZwd8P15MOzbrU1NFg5LR2ispgwqjj3Bx2pk0P75YzHMw+l23sLnsWsalefMRwMhtw==}
    dependencies:
      '@spectrum-web-components/base': 1.0.0
      '@spectrum-web-components/icon': 1.0.0
      '@spectrum-web-components/icons-ui': 1.0.0
      '@spectrum-web-components/reactive-controllers': 1.0.0
      '@spectrum-web-components/shared': 1.0.0
    dev: false

  /@spectrum-web-components/icon@1.0.0:
    resolution: {integrity: sha512-h1uOD6cyViZv0lZ9MI8jpqFkHu1k7qC7E6+nnoifoysb2+U/W1ccz4VHdMQTLn01LwKpbdaWqrTzTTAk94YKNw==}
    dependencies:
      '@spectrum-web-components/base': 1.0.0
      '@spectrum-web-components/iconset': 1.0.0
    dev: false

  /@spectrum-web-components/icons-ui@1.0.0:
    resolution: {integrity: sha512-QnIdzRw1Gi7vV8U48JkBLiz85TboIIj6QxbKtfcgVIqQ2LFoTUfH0vQSKb13C7RmLSwoSBvrEpwFc+aZbKbpMQ==}
    dependencies:
      '@spectrum-web-components/base': 1.0.0
      '@spectrum-web-components/icon': 1.0.0
      '@spectrum-web-components/iconset': 1.0.0
    dev: false

  /@spectrum-web-components/icons-workflow@1.0.0:
    resolution: {integrity: sha512-jLTafFaAaXBiWHo0vmGGjWDgvlnbzXgVhVEHOxmH+pmleIFdL+ppKh/DN/IxLlTHdLhi/ckxHKdlc+AahJOmUw==}
    dependencies:
      '@spectrum-web-components/base': 1.0.0
      '@spectrum-web-components/icon': 1.0.0
    dev: false

  /@spectrum-web-components/iconset@1.0.0:
    resolution: {integrity: sha512-CRWG09LUARR7xyPy2n10P05NOurdoDh0P7x0ZWSuU4fHL6OuW40QJ6nIG3IE33bD/kSmDsKJQWjQ6LTS8WnH2g==}
    dependencies:
      '@spectrum-web-components/base': 1.0.0
    dev: false

  /@spectrum-web-components/menu@1.0.0:
    resolution: {integrity: sha512-yFwhVGk7knJ2fxomZp65mJQWXXa2MoHKbZl7Hh8fATaeMOQFhY8BDeJ7u9CdgaWaruKzz7AkmnS3TtcX4qEAbQ==}
    dependencies:
      '@lit-labs/observers': 2.0.4
      '@spectrum-web-components/action-button': 1.0.0
      '@spectrum-web-components/base': 1.0.0
      '@spectrum-web-components/divider': 1.0.0
      '@spectrum-web-components/icon': 1.0.0
      '@spectrum-web-components/icons-ui': 1.0.0
      '@spectrum-web-components/overlay': 1.0.0
      '@spectrum-web-components/popover': 1.0.0
      '@spectrum-web-components/reactive-controllers': 1.0.0
      '@spectrum-web-components/shared': 1.0.0
    dev: false

  /@spectrum-web-components/modal@1.0.0:
    resolution: {integrity: sha512-16zkxBp/JP/gVLBDc8Ojo+hfhwx64SUjGvC3eQi0PBFRjH78bxi8cYV1m+RrhojE2baBcHFtSDgCAfeiiF3Jog==}
    dependencies:
      '@spectrum-web-components/base': 1.0.0
    dev: false

  /@spectrum-web-components/overlay@1.0.0:
    resolution: {integrity: sha512-BgTEsZ0f2y+Dr6f67mb6WGojHwMaiM++qzqVCtwcMSIqM9SZDxmw7Y4yQicwh87uy/+6W+0yiRhlmaX0m//Shg==}
    dependencies:
      '@floating-ui/dom': 1.6.11
      '@floating-ui/utils': 0.2.8
      '@spectrum-web-components/action-button': 1.0.0
      '@spectrum-web-components/base': 1.0.0
      '@spectrum-web-components/reactive-controllers': 1.0.0
      '@spectrum-web-components/shared': 1.0.0
      '@spectrum-web-components/theme': 1.0.0
    dev: false

  /@spectrum-web-components/picker@1.0.0:
    resolution: {integrity: sha512-ABOYRFF2wCKe/9MczbD9SGhb9aaUNEp+kij5GJ7FXCtqqRggYwFkr2bTDHUtSLGuZYx4kcM7gI6iwHZAlsLBlg==}
    dependencies:
      '@spectrum-web-components/base': 1.0.0
      '@spectrum-web-components/button': 1.0.0
      '@spectrum-web-components/field-label': 1.0.0
      '@spectrum-web-components/icon': 1.0.0
      '@spectrum-web-components/icons-ui': 1.0.0
      '@spectrum-web-components/icons-workflow': 1.0.0
      '@spectrum-web-components/menu': 1.0.0
      '@spectrum-web-components/overlay': 1.0.0
      '@spectrum-web-components/popover': 1.0.0
      '@spectrum-web-components/progress-circle': 1.0.0
      '@spectrum-web-components/reactive-controllers': 1.0.0
      '@spectrum-web-components/shared': 1.0.0
      '@spectrum-web-components/tooltip': 1.0.0
      '@spectrum-web-components/tray': 1.0.0
    dev: false

  /@spectrum-web-components/popover@1.0.0:
    resolution: {integrity: sha512-oZOdDi0MchGmE+HG4BqLN2f37SCS4ebDOQegixXsJdxwFpLiXV5eEnAahVx5tks7tOGjnEjGr4qvKxjLkoijMw==}
    dependencies:
      '@spectrum-web-components/base': 1.0.0
      '@spectrum-web-components/overlay': 1.0.0
    dev: false

  /@spectrum-web-components/progress-circle@1.0.0:
    resolution: {integrity: sha512-bhdlAZEDAk9ZpOgUGI4Qset4IedvjRba90TYFca+JWgg8UaLQXPPNNA2MoyAwd7P4UraUSYkrf/LkaqdR291AA==}
    dependencies:
      '@spectrum-web-components/base': 1.0.0
      '@spectrum-web-components/shared': 1.0.0
    dev: false

  /@spectrum-web-components/reactive-controllers@1.0.0:
    resolution: {integrity: sha512-1ghFFLQAqvbCWulS0FDE/mNKOjNdVgeTzvftn0Cz01I/fGYPNPHHao3alqfu61Pkcm2z8KOLd88selbRhUuPzQ==}
    dependencies:
      lit: 3.2.1
    dev: false

  /@spectrum-web-components/shared@1.0.0:
    resolution: {integrity: sha512-9D/axJtuMeD9oNxeB5F6MotYf4JQfPifS0lDO4yZQtrdIBzmFGbMRnlGA290qxJJALppfzBG53y7bDcmUnGbYw==}
    dependencies:
      '@lit-labs/observers': 2.0.4
      '@spectrum-web-components/base': 1.0.0
      focus-visible: 5.2.1
    dev: false

  /@spectrum-web-components/styles@1.0.0:
    resolution: {integrity: sha512-M3FDHItdXQkkP2Jcbcj+ON54Fjw0ytz7lJsNCZhquFaVvVprfEcCZ+sSKOAzzyAI8i066q0Ddp3JHlCKfslVng==}
    dependencies:
      '@spectrum-web-components/base': 1.0.0
    dev: false

  /@spectrum-web-components/theme@1.0.0:
    resolution: {integrity: sha512-glO1A8tNO6BRJDNQx5mX+yKUR6r2tdusEIqoNHfnqD6ljJDuBHrhTr6kaGXHQtL3m1inxtBEcu1RlpHJ4rQGTw==}
    dependencies:
      '@spectrum-web-components/base': 1.0.0
      '@spectrum-web-components/styles': 1.0.0
    dev: false

  /@spectrum-web-components/tooltip@1.0.0:
    resolution: {integrity: sha512-T+rDhh9P+xu4cepgPxKEHFZBtiSMoy1x9r54wg1iQVgdjtGptvQTRxjET1x6e44UPt2L88gJ8YOFfzuFAHNH0g==}
    dependencies:
      '@spectrum-web-components/base': 1.0.0
      '@spectrum-web-components/overlay': 1.0.0
      '@spectrum-web-components/reactive-controllers': 1.0.0
      '@spectrum-web-components/shared': 1.0.0
    dev: false

  /@spectrum-web-components/tray@1.0.0:
    resolution: {integrity: sha512-E5KB5tJyGKSZM4mRRTj5JaYXhxyPX1OiA86yzrxNZtNyKjsFBwrCsnoRxG7y3dLLgN7xBCMTclMBgVWMKLQW2w==}
    dependencies:
      '@spectrum-web-components/base': 1.0.0
      '@spectrum-web-components/modal': 1.0.0
      '@spectrum-web-components/reactive-controllers': 1.0.0
      '@spectrum-web-components/shared': 1.0.0
      '@spectrum-web-components/underlay': 1.0.0
    dev: false

  /@spectrum-web-components/underlay@1.0.0:
    resolution: {integrity: sha512-P7Ej9GK2wYCB0mtR0pUdUKmF3xTMXbtrQ0FPhXhWbbgrrLfkddmJldUJ/OkztqFdkP8Rds6i4idq7oV0uyox7g==}
    dependencies:
      '@spectrum-web-components/base': 1.0.0
    dev: false

  /@types/node@22.8.6:
    resolution: {integrity: sha512-tosuJYKrIqjQIlVCM4PEGxOmyg3FCPa/fViuJChnGeEIhjA46oy8FMVoF9su1/v8PNs2a8Q0iFNyOx0uOF91nw==}
    dependencies:
      undici-types: 6.19.8
    dev: true

  /@types/trusted-types@2.0.7:
    resolution: {integrity: sha512-ScaPdn1dQczgbl0QFTeTOmVHFULt394XJgOQNoyVhZ6r2vLnMLJfBPd53SB52T/3G36VI1/g2MZaX0cwDuXsfw==}
    dev: false

  /focus-visible@5.2.1:
    resolution: {integrity: sha512-8Bx950VD1bWTQJEH/AM6SpEk+SU55aVnp4Ujhuuxy3eMEBCRwBnTBnVXr9YAPvZL3/CNjCa8u4IWfNmEO53whA==}
    dev: false

  /google-protobuf@3.21.4:
    resolution: {integrity: sha512-MnG7N936zcKTco4Jd2PX2U96Kf9PxygAPKBug+74LHzmHXmceN16MmRcdgZv+DGef/S9YvQAfRsNCn4cjf9yyQ==}
    dev: false

  /grpc-web@1.5.0:
    resolution: {integrity: sha512-y1tS3BBIoiVSzKTDF3Hm7E8hV2n7YY7pO0Uo7depfWJqKzWE+SKr0jvHNIJsJJYILQlpYShpi/DRJJMbosgDMQ==}
    dev: false

  /inversify-inject-decorators@3.1.0:
    resolution: {integrity: sha512-/seBlVp5bXrLQS3DpKEmlgeZL6C7Tf/QITd+IMQrbBBGuCbxb7k3hRAWu9XSreNpFzLgSboz3sClLSEmGwHphw==}
    dev: false

  /inversify@6.0.3:
    resolution: {integrity: sha512-s/svzcRQ/scaGUUyaVtFSL1dvOaRgyvE7VvpGcJwXmFz7CCzfSfxC/Uyl7iSHDEmBabJ2gbDES72DaygtMmwvg==}
    dev: false

  /lit-element@4.1.1:
    resolution: {integrity: sha512-HO9Tkkh34QkTeUmEdNYhMT8hzLid7YlMlATSi1q4q17HE5d9mrrEHJ/o8O2D0cMi182zK1F3v7x0PWFjrhXFew==}
    dependencies:
      '@lit-labs/ssr-dom-shim': 1.2.1
      '@lit/reactive-element': 2.0.4
      lit-html: 3.2.1
    dev: false

  /lit-html@3.2.1:
    resolution: {integrity: sha512-qI/3lziaPMSKsrwlxH/xMgikhQ0EGOX2ICU73Bi/YHFvz2j/yMCIrw4+puF2IpQ4+upd3EWbvnHM9+PnJn48YA==}
    dependencies:
      '@types/trusted-types': 2.0.7
    dev: false

  /lit@3.2.1:
    resolution: {integrity: sha512-1BBa1E/z0O9ye5fZprPtdqnc0BFzxIxTTOO/tQFmyC/hj1O3jL4TfmLBw0WEwjAokdLwpclkvGgDJwTIh0/22w==}
    dependencies:
      '@lit/reactive-element': 2.0.4
      lit-element: 4.1.1
      lit-html: 3.2.1
    dev: false

  /mobx@6.13.5:
    resolution: {integrity: sha512-/HTWzW2s8J1Gqt+WmUj5Y0mddZk+LInejADc79NJadrWla3rHzmRHki/mnEUH1AvOmbNTZ1BRbKxr8DSgfdjMA==}
    dev: false

  /reflect-metadata@0.2.2:
    resolution: {integrity: sha512-urBwgfrvVP/eAyXx4hluJivBKzuEbSQs9rKWCrCkbSxNv8mxPcUZKeuoF3Uy4mJl3Lwprp6yy5/39VWigZ4K6Q==}
    dev: false

  /typescript@5.6.3:
    resolution: {integrity: sha512-hjcS1mhfuyi4WW8IWtjP7brDrG2cuDZukyrYrSauoXGNgx0S7zceP07adYkJycEr56BOUTNPzbInooiN3fn1qw==}
    engines: {node: '>=14.17'}
    hasBin: true
    dev: true

  /undici-types@6.19.8:
    resolution: {integrity: sha512-ve2KP6f/JnbPBFyobGHuerC9g1FYGn/F8n1LWTwNxCEzd6IfqTwUQcNXgEtmmQ6DlRrC1hrSrBnCZPokRrDHjw==}
    dev: true
